Microsoft Visual Studio Solution File, Format Version 12.00
VisualStudioVersion = 17.0.31903.59
MinimumVisualStudioVersion = 10.0.40219.1
Project("{FAE04EC0-301F-11D3-BF4B-00C04F79EFBC}") = "SumaTagHelpersMvc", "SumaTagHelpersMvc\SumaTagHelpersMvc.csproj", "{8ED27704-A3E3-4562-B861-6D1C33B61C11}"
EndProject
Project("{FAE04EC0-301F-11D3-BF4B-00C04F79EFBC}") = "SumaTagHelpersMvc.Tests", "SumaTagHelpersMvc.Tests\SumaTagHelpersMvc.Tests.csproj", "{51E92E27-44B5-42A8-A413-C26321D4A2A9}"
EndProject
Global
	GlobalSection(SolutionConfigurationPlatforms) = preSolution
		Debug|Any CPU = Debug|Any CPU
		Release|Any CPU = Release|Any CPU
	EndGlobalSection
	GlobalSection(ProjectConfigurationPlatforms) = postSolution
		{8ED27704-A3E3-4562-B861-6D1C33B61C11}.Debug|Any CPU.ActiveCfg = Debug|Any CPU
		{8ED27704-A3E3-4562-B861-6D1C33B61C11}.Debug|Any CPU.Build.0 = Debug|Any CPU
		{8ED27704-A3E3-4562-B861-6D1C33B61C11}.Release|Any CPU.ActiveCfg = Release|Any CPU
		{8ED27704-A3E3-4562-B861-6D1C33B61C11}.Release|Any CPU.Build.0 = Release|Any CPU
		{51E92E27-44B5-42A8-A413-C26321D4A2A9}.Debug|Any CPU.ActiveCfg = Debug|Any CPU
		{51E92E27-44B5-42A8-A413-C26321D4A2A9}.Debug|Any CPU.Build.0 = Debug|Any CPU
		{51E92E27-44B5-42A8-A413-C26321D4A2A9}.Release|Any CPU.ActiveCfg = Release|Any CPU
		{51E92E27-44B5-42A8-A413-C26321D4A2A9}.Release|Any CPU.Build.0 = Release|Any CPU
	EndGlobalSection
EndGlobal
