Microsoft Visual Studio Solution File, Format Version 12.00
VisualStudioVersion = 17.0.31903.59
MinimumVisualStudioVersion = 10.0.40219.1
Project("{FAE04EC0-301F-11D3-BF4B-00C04F79EFBC}") = "RegistroContactosMvc", "RegistroContactosMvc\RegistroContactosMvc.csproj", "{F4642C8B-86CF-49E5-B5F6-8F1B4461A3D2}"
EndProject
Global
	GlobalSection(SolutionConfigurationPlatforms) = preSolution
		Debug|Any CPU = Debug|Any CPU
		Release|Any CPU = Release|Any CPU
	EndGlobalSection
	GlobalSection(ProjectConfigurationPlatforms) = postSolution
		{F4642C8B-86CF-49E5-B5F6-8F1B4461A3D2}.Debug|Any CPU.ActiveCfg = Debug|Any CPU
		{F4642C8B-86CF-49E5-B5F6-8F1B4461A3D2}.Debug|Any CPU.Build.0 = Debug|Any CPU
		{F4642C8B-86CF-49E5-B5F6-8F1B4461A3D2}.Release|Any CPU.ActiveCfg = Release|Any CPU
		{F4642C8B-86CF-49E5-B5F6-8F1B4461A3D2}.Release|Any CPU.Build.0 = Release|Any CPU
	EndGlobalSection
EndGlobal
